{
  "name": "vsts-publish-adf",
  "version": "2.2.0",
  "lockfileVersion": 1,
  "requires": true,
  "dependencies": {
    "@types/mocha": {
      "version": "8.0.3",
      "resolved": "https://registry.npmjs.org/@types/mocha/-/mocha-8.0.3.tgz",
      "integrity": "sha512-vyxR57nv8NfcU0GZu8EUXZLTbCMupIUwy95LJ6lllN+JRPG25CwMHoB1q5xKh8YKhQnHYRAn4yW2yuHbf/5xgg==",
      "dev": true
    },
    "@types/node": {
      "version": "14.14.0",
      "resolved": "https://registry.npmjs.org/@types/node/-/node-14.14.0.tgz",
      "integrity": "sha512-BfbIHP9IapdupGhq/hc+jT5dyiBVZ2DdeC5WwJWQWDb0GijQlzUFAeIQn/2GtvZcd2HVUU7An8felIICFTC2qg==",
      "dev": true
    }
  }
}
