{
    "name": "vsts-publish-adf",
    "version": "2.5.1",
    "lockfileVersion": 2,
    "requires": true,
    "packages": {
        "": {
            "version": "2.4.1",
            "license": "MIT",
            "devDependencies": {
                "@types/mocha": "^8.0.3",
                "@types/node": "^14.14.0",
                "tslib": "^2.2.0"
            }
        },
        "node_modules/@types/mocha": {
            "version": "8.2.3",
            "resolved": "https://registry.npmjs.org/@types/mocha/-/mocha-8.2.3.tgz",
            "integrity": "sha512-ekGvFhFgrc2zYQoX4JeZPmVzZxw6Dtllga7iGHzfbYIYkAMUx/sAFP2GdFpLff+vdHXu5fl7WX9AT+TtqYcsyw==",
            "dev": true
        },
        "node_modules/@types/node": {
            "version": "14.17.9",
            "resolved": "https://registry.npmjs.org/@types/node/-/node-14.17.9.tgz",
            "integrity": "sha512-CMjgRNsks27IDwI785YMY0KLt3co/c0cQ5foxHYv/shC2w8oOnVwz5Ubq1QG5KzrcW+AXk6gzdnxIkDnTvzu3g==",
            "dev": true
        },
        "node_modules/tslib": {
            "version": "2.3.1",
            "resolved": "https://registry.npmjs.org/tslib/-/tslib-2.3.1.tgz",
            "integrity": "sha512-77EbyPPpMz+FRFRuAFlWMtmgUWGe9UOG2Z25NqCwiIjRhOf5iKGuzSe5P2w1laq+FkRy4p+PCuVkJSGkzTEKVw==",
            "dev": true
        }
    },
    "dependencies": {
        "@types/mocha": {
            "version": "8.2.3",
            "resolved": "https://registry.npmjs.org/@types/mocha/-/mocha-8.2.3.tgz",
            "integrity": "sha512-ekGvFhFgrc2zYQoX4JeZPmVzZxw6Dtllga7iGHzfbYIYkAMUx/sAFP2GdFpLff+vdHXu5fl7WX9AT+TtqYcsyw==",
            "dev": true
        },
        "@types/node": {
            "version": "14.17.9",
            "resolved": "https://registry.npmjs.org/@types/node/-/node-14.17.9.tgz",
            "integrity": "sha512-CMjgRNsks27IDwI785YMY0KLt3co/c0cQ5foxHYv/shC2w8oOnVwz5Ubq1QG5KzrcW+AXk6gzdnxIkDnTvzu3g==",
            "dev": true
        },
        "tslib": {
            "version": "2.3.1",
            "resolved": "https://registry.npmjs.org/tslib/-/tslib-2.3.1.tgz",
            "integrity": "sha512-77EbyPPpMz+FRFRuAFlWMtmgUWGe9UOG2Z25NqCwiIjRhOf5iKGuzSe5P2w1laq+FkRy4p+PCuVkJSGkzTEKVw==",
            "dev": true
        }
    }
}
